// !$*UTF8*$!
{
	archiveVersion = 1;
	classes = {
	};
	objectVersion = 46;
	objects = {

/* Begin PBXBuildFile section */
		943CD9F61CAD02BA00730DF4 /* AppDelegate.swift in Sources */ = {isa = PBXBuildFile; fileRef = 943CD9F51CAD02BA00730DF4 /* AppDelegate.swift */; };
		943CD9FB1CAD02BA00730DF4 /* Main.storyboard in Resources */ = {isa = PBXBuildFile; fileRef = 943CD9F91CAD02BA00730DF4 /* Main.storyboard */; };
		943CD9FD1CAD02BA00730DF4 /* Assets.xcassets in Resources */ = {isa = PBXBuildFile; fileRef = 943CD9FC1CAD02BA00730DF4 /* Assets.xcassets */; };
		943CDA001CAD02BA00730DF4 /* LaunchScreen.storyboard in Resources */ = {isa = PBXBuildFile; fileRef = 943CD9FE1CAD02BA00730DF4 /* LaunchScreen.storyboard */; };
		943CDA081CAD035100730DF4 /* MNNetwork.swift in Sources */ = {isa = PBXBuildFile; fileRef = 943CDA071CAD035100730DF4 /* MNNetwork.swift */; };
		943CDA0A1CAD03A700730DF4 /* TableViewController.swift in Sources */ = {isa = PBXBuildFile; fileRef = 943CDA091CAD03A700730DF4 /* TableViewController.swift */; };
		94AA2E3A1CAD122E00267E6C /* Kingfisher.framework in Frameworks */ = {isa = PBXBuildFile; fileRef = 94AA2E231CAD11E800267E6C /* Kingfisher.framework */; };
		94AA2E3B1CAD122E00267E6C /* Kingfisher.framework in Embed Frameworks */ = {isa = PBXBuildFile; fileRef = 94AA2E231CAD11E800267E6C /* Kingfisher.framework */; settings = {ATTRIBUTES = (CodeSignOnCopy, RemoveHeadersOnCopy, ); }; };
		94AA2E3F1CAD124200267E6C /* Alamofire.framework in Frameworks */ = {isa = PBXBuildFile; fileRef = 94AA2DDF1CAD11DD00267E6C /* Alamofire.framework */; };
		94AA2E401CAD124200267E6C /* Alamofire.framework in Embed Frameworks */ = {isa = PBXBuildFile; fileRef = 94AA2DDF1CAD11DD00267E6C /* Alamofire.framework */; settings = {ATTRIBUTES = (CodeSignOnCopy, RemoveHeadersOnCopy, ); }; };
		94AA2E461CAD2A1900267E6C /* SafariServices.framework in Frameworks */ = {isa = PBXBuildFile; fileRef = 94AA2E451CAD2A1900267E6C /* SafariServices.framework */; };
		94B0F3831CAE116D0056CCE1 /* DetailViewController.swift in Sources */ = {isa = PBXBuildFile; fileRef = 94B0F3821CAE116D0056CCE1 /* DetailViewController.swift */; };
		94B0F3AD1CAE1C1E0056CCE1 /* SwiftyJSON.framework in Frameworks */ = {isa = PBXBuildFile; fileRef = 94B0F3A01CAE1BF80056CCE1 /* SwiftyJSON.framework */; };
		94B0F3AE1CAE1C1E0056CCE1 /* SwiftyJSON.framework in Embed Frameworks */ = {isa = PBXBuildFile; fileRef = 94B0F3A01CAE1BF80056CCE1 /* SwiftyJSON.framework */; settings = {ATTRIBUTES = (CodeSignOnCopy, RemoveHeadersOnCopy, ); }; };
/* End PBXBuildFile section */

/* Begin PBXContainerItemProxy section */
		94AA2DDE1CAD11DD00267E6C /* PBXContainerItemProxy */ = {
			isa = PBXContainerItemProxy;
			containerPortal = 94AA2DD41CAD11DD00267E6C /* Alamofire.xcodeproj */;
			proxyType = 2;
			remoteGlobalIDString = F8111E3319A95C8B0040E7D1;
			remoteInfo = "Alamofire iOS";
		};
		94AA2DE01CAD11DD00267E6C /* PBXContainerItemProxy */ = {
			isa = PBXContainerItemProxy;
			containerPortal = 94AA2DD41CAD11DD00267E6C /* Alamofire.xcodeproj */;
			proxyType = 2;
			remoteGlobalIDString = F8111E3E19A95C8B0040E7D1;
			remoteInfo = "Alamofire iOS Tests";
		};
		94AA2DE21CAD11DD00267E6C /* PBXContainerItemProxy */ = {
			isa = PBXContainerItemProxy;
			containerPortal = 94AA2DD41CAD11DD00267E6C /* Alamofire.xcodeproj */;
			proxyType = 2;
			remoteGlobalIDString = 4DD67C0B1A5C55C900ED2280;
			remoteInfo = "Alamofire OSX";
		};
		94AA2DE41CAD11DD00267E6C /* PBXContainerItemProxy */ = {
			isa = PBXContainerItemProxy;
			containerPortal = 94AA2DD41CAD11DD00267E6C /* Alamofire.xcodeproj */;
			proxyType = 2;
			remoteGlobalIDString = F829C6B21A7A94F100A2CD59;
			remoteInfo = "Alamofire OSX Tests";
		};
		94AA2DE61CAD11DD00267E6C /* PBXContainerItemProxy */ = {
			isa = PBXContainerItemProxy;
			containerPortal = 94AA2DD41CAD11DD00267E6C /* Alamofire.xcodeproj */;
			proxyType = 2;
			remoteGlobalIDString = 4CF626EF1BA7CB3E0011A099;
			remoteInfo = "Alamofire tvOS";
		};
		94AA2DE81CAD11DD00267E6C /* PBXContainerItemProxy */ = {
			isa = PBXContainerItemProxy;
			containerPortal = 94AA2DD41CAD11DD00267E6C /* Alamofire.xcodeproj */;
			proxyType = 2;
			remoteGlobalIDString = 4CF626F81BA7CB3E0011A099;
			remoteInfo = "Alamofire tvOS Tests";
		};
		94AA2DEA1CAD11DD00267E6C /* PBXContainerItemProxy */ = {
			isa = PBXContainerItemProxy;
			containerPortal = 94AA2DD41CAD11DD00267E6C /* Alamofire.xcodeproj */;
			proxyType = 2;
			remoteGlobalIDString = E4202FE01B667AA100C997FB;
			remoteInfo = "Alamofire watchOS";
		};
		94AA2E221CAD11E800267E6C /* PBXContainerItemProxy */ = {
			isa = PBXContainerItemProxy;
			containerPortal = 94AA2E131CAD11E800267E6C /* Kingfisher.xcodeproj */;
			proxyType = 2;
			remoteGlobalIDString = D1ED2D351AD2D09F00CFC3EB;
			remoteInfo = "Kingfisher-iOS";
		};
		94AA2E241CAD11E800267E6C /* PBXContainerItemProxy */ = {
			isa = PBXContainerItemProxy;
			containerPortal = 94AA2E131CAD11E800267E6C /* Kingfisher.xcodeproj */;
			proxyType = 2;
			remoteGlobalIDString = D13F49D61BEDA67C00CE335D;
			remoteInfo = "Kingfisher-tvOS";
		};
		94AA2E261CAD11E800267E6C /* PBXContainerItemProxy */ = {
			isa = PBXContainerItemProxy;
			containerPortal = 94AA2E131CAD11E800267E6C /* Kingfisher.xcodeproj */;
			proxyType = 2;
			remoteGlobalIDString = 4B2944481C3D01B20088C3E7;
			remoteInfo = "Kingfisher-OSX";
		};
		94AA2E281CAD11E800267E6C /* PBXContainerItemProxy */ = {
			isa = PBXContainerItemProxy;
			containerPortal = 94AA2E131CAD11E800267E6C /* Kingfisher.xcodeproj */;
			proxyType = 2;
			remoteGlobalIDString = D16799EB1C4E74460020FD12;
			remoteInfo = "Kingfisher-watchOS";
		};
		94AA2E2A1CAD11E800267E6C /* PBXContainerItemProxy */ = {
			isa = PBXContainerItemProxy;
			containerPortal = 94AA2E131CAD11E800267E6C /* Kingfisher.xcodeproj */;
			proxyType = 2;
			remoteGlobalIDString = D1ED2D0B1AD2CFA600CFC3EB;
			remoteInfo = "Kingfisher-Demo";
		};
		94AA2E2C1CAD11E800267E6C /* PBXContainerItemProxy */ = {
			isa = PBXContainerItemProxy;
			containerPortal = 94AA2E131CAD11E800267E6C /* Kingfisher.xcodeproj */;
			proxyType = 2;
			remoteGlobalIDString = D13F49C21BEDA53F00CE335D;
			remoteInfo = "Kingfisher-tvOS-Demo";
		};
		94AA2E2E1CAD11E800267E6C /* PBXContainerItemProxy */ = {
			isa = PBXContainerItemProxy;
			containerPortal = 94AA2E131CAD11E800267E6C /* Kingfisher.xcodeproj */;
			proxyType = 2;
			remoteGlobalIDString = 4B2944551C3D03880088C3E7;
			remoteInfo = "Kingfisher-OSX-Demo";
		};
		94AA2E301CAD11E800267E6C /* PBXContainerItemProxy */ = {
			isa = PBXContainerItemProxy;
			containerPortal = 94AA2E131CAD11E800267E6C /* Kingfisher.xcodeproj */;
			proxyType = 2;
			remoteGlobalIDString = D1679A391C4E78B20020FD12;
			remoteInfo = "Kingfisher-watchOS-Demo";
		};
		94AA2E321CAD11E800267E6C /* PBXContainerItemProxy */ = {
			isa = PBXContainerItemProxy;
			containerPortal = 94AA2E131CAD11E800267E6C /* Kingfisher.xcodeproj */;
			proxyType = 2;
			remoteGlobalIDString = D1679A451C4E78B20020FD12;
			remoteInfo = "Kingfisher-watchOS-Demo Extension";
		};
		94AA2E341CAD11E800267E6C /* PBXContainerItemProxy */ = {
			isa = PBXContainerItemProxy;
			containerPortal = 94AA2E131CAD11E800267E6C /* Kingfisher.xcodeproj */;
			proxyType = 2;
			remoteGlobalIDString = D1ED2D3F1AD2D09F00CFC3EB;
			remoteInfo = KingfisherTests;
		};
		94AA2E361CAD11E800267E6C /* PBXContainerItemProxy */ = {
			isa = PBXContainerItemProxy;
			containerPortal = 94AA2E131CAD11E800267E6C /* Kingfisher.xcodeproj */;
			proxyType = 2;
			remoteGlobalIDString = 4B37667F1C478F940001443F;
			remoteInfo = "KingfisherTests-tvOS";
		};
		94AA2E381CAD11E800267E6C /* PBXContainerItemProxy */ = {
			isa = PBXContainerItemProxy;
			containerPortal = 94AA2E131CAD11E800267E6C /* Kingfisher.xcodeproj */;
			proxyType = 2;
			remoteGlobalIDString = D10EC2311C3D632300A4211C;
			remoteInfo = "KingfisherTests-OSX";
		};
		94AA2E3C1CAD122E00267E6C /* PBXContainerItemProxy */ = {
			isa = PBXContainerItemProxy;
			containerPortal = 94AA2E131CAD11E800267E6C /* Kingfisher.xcodeproj */;
			proxyType = 1;
			remoteGlobalIDString = D1ED2D341AD2D09F00CFC3EB;
			remoteInfo = "Kingfisher-iOS";
		};
		94AA2E411CAD124200267E6C /* PBXContainerItemProxy */ = {
			isa = PBXContainerItemProxy;
			containerPortal = 94AA2DD41CAD11DD00267E6C /* Alamofire.xcodeproj */;
			proxyType = 1;
			remoteGlobalIDString = F8111E3219A95C8B0040E7D1;
			remoteInfo = "Alamofire iOS";
		};
		94B0F39F1CAE1BF80056CCE1 /* PBXContainerItemProxy */ = {
			isa = PBXContainerItemProxy;
			containerPortal = 94B0F3951CAE1BF80056CCE1 /* SwiftyJSON.xcodeproj */;
			proxyType = 2;
			remoteGlobalIDString = 2E4FEFDB19575BE100351305;
			remoteInfo = "SwiftyJSON iOS";
		};
		94B0F3A11CAE1BF80056CCE1 /* PBXContainerItemProxy */ = {
			isa = PBXContainerItemProxy;
			containerPortal = 94B0F3951CAE1BF80056CCE1 /* SwiftyJSON.xcodeproj */;
			proxyType = 2;
			remoteGlobalIDString = 2E4FEFE619575BE100351305;
			remoteInfo = "SwiftyJSON iOS Tests";
		};
		94B0F3A31CAE1BF80056CCE1 /* PBXContainerItemProxy */ = {
			isa = PBXContainerItemProxy;
			containerPortal = 94B0F3951CAE1BF80056CCE1 /* SwiftyJSON.xcodeproj */;
			proxyType = 2;
			remoteGlobalIDString = 9C7DFC5B1A9102BD005AA3F7;
			remoteInfo = "SwiftyJSON OSX";
		};
		94B0F3A51CAE1BF80056CCE1 /* PBXContainerItemProxy */ = {
			isa = PBXContainerItemProxy;
			containerPortal = 94B0F3951CAE1BF80056CCE1 /* SwiftyJSON.xcodeproj */;
			proxyType = 2;
			remoteGlobalIDString = 9C7DFC651A9102BD005AA3F7;
			remoteInfo = "SwiftyJSON OSX Tests";
		};
		94B0F3A71CAE1BF80056CCE1 /* PBXContainerItemProxy */ = {
			isa = PBXContainerItemProxy;
			containerPortal = 94B0F3951CAE1BF80056CCE1 /* SwiftyJSON.xcodeproj */;
			proxyType = 2;
			remoteGlobalIDString = E4D7CCE81B9465A700EE7221;
			remoteInfo = "SwiftyJSON watchOS";
		};
		94B0F3A91CAE1BF80056CCE1 /* PBXContainerItemProxy */ = {
			isa = PBXContainerItemProxy;
			containerPortal = 94B0F3951CAE1BF80056CCE1 /* SwiftyJSON.xcodeproj */;
			proxyType = 2;
			remoteGlobalIDString = 7236B4F61BAC14150020529B;
			remoteInfo = "SwiftyJSON tvOS";
		};
		94B0F3AB1CAE1BF80056CCE1 /* PBXContainerItemProxy */ = {
			isa = PBXContainerItemProxy;
			containerPortal = 94B0F3951CAE1BF80056CCE1 /* SwiftyJSON.xcodeproj */;
			proxyType = 2;
			remoteGlobalIDString = A8580F741BCF5C5B00DA927B;
			remoteInfo = "SwiftyJSON tvOS Tests";
		};
		94B0F3AF1CAE1C1E0056CCE1 /* PBXContainerItemProxy */ = {
			isa = PBXContainerItemProxy;
			containerPortal = 94B0F3951CAE1BF80056CCE1 /* SwiftyJSON.xcodeproj */;
			proxyType = 1;
			remoteGlobalIDString = 2E4FEFDA19575BE100351305;
			remoteInfo = "SwiftyJSON iOS";
		};
/* End PBXContainerItemProxy section */

/* Begin PBXCopyFilesBuildPhase section */
		94AA2E3E1CAD122E00267E6C /* Embed Frameworks */ = {
			isa = PBXCopyFilesBuildPhase;
			buildActionMask = 2147483647;
			dstPath = "";
			dstSubfolderSpec = 10;
			files = (
				94AA2E3B1CAD122E00267E6C /* Kingfisher.framework in Embed Frameworks */,
				94AA2E401CAD124200267E6C /* Alamofire.framework in Embed Frameworks */,
				94B0F3AE1CAE1C1E0056CCE1 /* SwiftyJSON.framework in Embed Frameworks */,
			);
			name = "Embed Frameworks";
			runOnlyForDeploymentPostprocessing = 0;
		};
/* End PBXCopyFilesBuildPhase section */

/* Begin PBXFileReference section */
		943CD9F21CAD02BA00730DF4 /* Gank.io.app */ = {isa = PBXFileReference; explicitFileType = wrapper.application; includeInIndex = 0; path = Gank.io.app; sourceTree = BUILT_PRODUCTS_DIR; };
		943CD9F51CAD02BA00730DF4 /* AppDelegate.swift */ = {isa = PBXFileReference; lastKnownFileType = sourcecode.swift; path = AppDelegate.swift; sourceTree = "<group>"; };
		943CD9FA1CAD02BA00730DF4 /* Base */ = {isa = PBXFileReference; lastKnownFileType = file.storyboard; name = Base; path = Base.lproj/Main.storyboard; sourceTree = "<group>"; };
		943CD9FC1CAD02BA00730DF4 /* Assets.xcassets */ = {isa = PBXFileReference; lastKnownFileType = folder.assetcatalog; path = Assets.xcassets; sourceTree = "<group>"; };
		943CD9FF1CAD02BA00730DF4 /* Base */ = {isa = PBXFileReference; lastKnownFileType = file.storyboard; name = Base; path = Base.lproj/LaunchScreen.storyboard; sourceTree = "<group>"; };
		943CDA011CAD02BA00730DF4 /* Info.plist */ = {isa = PBXFileReference; lastKnownFileType = text.plist.xml; path = Info.plist; sourceTree = "<group>"; };
		943CDA071CAD035100730DF4 /* MNNetwork.swift */ = {isa = PBXFileReference; fileEncoding = 4; lastKnownFileType = sourcecode.swift; path = MNNetwork.swift; sourceTree = "<group>"; };
		943CDA091CAD03A700730DF4 /* TableViewController.swift */ = {isa = PBXFileReference; fileEncoding = 4; lastKnownFileType = sourcecode.swift; path = TableViewController.swift; sourceTree = "<group>"; };
		94AA2DD41CAD11DD00267E6C /* Alamofire.xcodeproj */ = {isa = PBXFileReference; lastKnownFileType = "wrapper.pb-project"; name = Alamofire.xcodeproj; path = "../../Downloads/Alamofire-master/Alamofire.xcodeproj"; sourceTree = "<group>"; };
		94AA2E131CAD11E800267E6C /* Kingfisher.xcodeproj */ = {isa = PBXFileReference; lastKnownFileType = "wrapper.pb-project"; name = Kingfisher.xcodeproj; path = "../../Downloads/Kingfisher-master/Kingfisher.xcodeproj"; sourceTree = "<group>"; };
		94AA2E451CAD2A1900267E6C /* SafariServices.framework */ = {isa = PBXFileReference; lastKnownFileType = wrapper.framework; name = SafariServices.framework; path = System/Library/Frameworks/SafariServices.framework; sourceTree = SDKROOT; };
		94B0F3821CAE116D0056CCE1 /* DetailViewController.swift */ = {isa = PBXFileReference; fileEncoding = 4; lastKnownFileType = sourcecode.swift; path = DetailViewController.swift; sourceTree = "<group>"; };
		94B0F3951CAE1BF80056CCE1 /* SwiftyJSON.xcodeproj */ = {isa = PBXFileReference; lastKnownFileType = "wrapper.pb-project"; name = SwiftyJSON.xcodeproj; path = "../../Downloads/SwiftyJSON-master/SwiftyJSON.xcodeproj"; sourceTree = "<group>"; };
/* End PBXFileReference section */

/* Begin PBXFrameworksBuildPhase section */
		943CD9EF1CAD02BA00730DF4 /* Frameworks */ = {
			isa = PBXFrameworksBuildPhase;
			buildActionMask = 2147483647;
			files = (
				94B0F3AD1CAE1C1E0056CCE1 /* SwiftyJSON.framework in Frameworks */,
				94AA2E461CAD2A1900267E6C /* SafariServices.framework in Frameworks */,
				94AA2E3A1CAD122E00267E6C /* Kingfisher.framework in Frameworks */,
				94AA2E3F1CAD124200267E6C /* Alamofire.framework in Frameworks */,
			);
			runOnlyForDeploymentPostprocessing = 0;
		};
/* End PBXFrameworksBuildPhase section */

/* Begin PBXGroup section */
		943CD9E91CAD02BA00730DF4 = {
			isa = PBXGroup;
			children = (
				94AA2E451CAD2A1900267E6C /* SafariServices.framework */,
				943CD9F41CAD02BA00730DF4 /* Gank.io */,
				943CD9F31CAD02BA00730DF4 /* Products */,
				94B0F3951CAE1BF80056CCE1 /* SwiftyJSON.xcodeproj */,
				94AA2E131CAD11E800267E6C /* Kingfisher.xcodeproj */,
				94AA2DD41CAD11DD00267E6C /* Alamofire.xcodeproj */,
			);
			sourceTree = "<group>";
		};
		943CD9F31CAD02BA00730DF4 /* Products */ = {
			isa = PBXGroup;
			children = (
				943CD9F21CAD02BA00730DF4 /* Gank.io.app */,
			);
			name = Products;
			sourceTree = "<group>";
		};
		943CD9F41CAD02BA00730DF4 /* Gank.io */ = {
			isa = PBXGroup;
			children = (
				943CD9F51CAD02BA00730DF4 /* AppDelegate.swift */,
				943CDA091CAD03A700730DF4 /* TableViewController.swift */,
				943CDA071CAD035100730DF4 /* MNNetwork.swift */,
				94B0F3821CAE116D0056CCE1 /* DetailViewController.swift */,
				943CD9F91CAD02BA00730DF4 /* Main.storyboard */,
				943CD9FC1CAD02BA00730DF4 /* Assets.xcassets */,
				943CD9FE1CAD02BA00730DF4 /* LaunchScreen.storyboard */,
				943CDA011CAD02BA00730DF4 /* Info.plist */,
			);
			path = Gank.io;
			sourceTree = "<group>";
		};
		94AA2DD51CAD11DD00267E6C /* Products */ = {
			isa = PBXGroup;
			children = (
				94AA2DDF1CAD11DD00267E6C /* Alamofire.framework */,
				94AA2DE11CAD11DD00267E6C /* Alamofire iOS Tests.xctest */,
				94AA2DE31CAD11DD00267E6C /* Alamofire.framework */,
				94AA2DE51CAD11DD00267E6C /* Alamofire OSX Tests.xctest */,
				94AA2DE71CAD11DD00267E6C /* Alamofire.framework */,
				94AA2DE91CAD11DD00267E6C /* Alamofire tvOS Tests.xctest */,
				94AA2DEB1CAD11DD00267E6C /* Alamofire.framework */,
			);
			name = Products;
			sourceTree = "<group>";
		};
		94AA2E141CAD11E800267E6C /* Products */ = {
			isa = PBXGroup;
			children = (
				94AA2E231CAD11E800267E6C /* Kingfisher.framework */,
				94AA2E251CAD11E800267E6C /* Kingfisher.framework */,
				94AA2E271CAD11E800267E6C /* Kingfisher.framework */,
				94AA2E291CAD11E800267E6C /* Kingfisher.framework */,
				94AA2E2B1CAD11E800267E6C /* Kingfisher-Demo.app */,
				94AA2E2D1CAD11E800267E6C /* Kingfisher-tvOS-Demo.app */,
				94AA2E2F1CAD11E800267E6C /* Kingfisher-OSX-Demo.app */,
				94AA2E311CAD11E800267E6C /* Kingfisher-watchOS-Demo.app */,
				94AA2E331CAD11E800267E6C /* Kingfisher-watchOS-Demo Extension.appex */,
				94AA2E351CAD11E800267E6C /* KingfisherTests.xctest */,
				94AA2E371CAD11E800267E6C /* KingfisherTests-tvOS.xctest */,
				94AA2E391CAD11E800267E6C /* KingfisherTests-OSX.xctest */,
			);
			name = Products;
			sourceTree = "<group>";
		};
		94B0F3961CAE1BF80056CCE1 /* Products */ = {
			isa = PBXGroup;
			children = (
				94B0F3A01CAE1BF80056CCE1 /* SwiftyJSON.framework */,
				94B0F3A21CAE1BF80056CCE1 /* SwiftyJSON iOS Tests.xctest */,
				94B0F3A41CAE1BF80056CCE1 /* SwiftyJSON.framework */,
				94B0F3A61CAE1BF80056CCE1 /* SwiftyJSON OSX Tests.xctest */,
				94B0F3A81CAE1BF80056CCE1 /* SwiftyJSON.framework */,
				94B0F3AA1CAE1BF80056CCE1 /* SwiftyJSON.framework */,
				94B0F3AC1CAE1BF80056CCE1 /* SwiftyJSON tvOS Tests.xctest */,
			);
			name = Products;
			sourceTree = "<group>";
		};
/* End PBXGroup section */

/* Begin PBXNativeTarget section */
		943CD9F11CAD02BA00730DF4 /* Gank.io */ = {
			isa = PBXNativeTarget;
			buildConfigurationList = 943CDA041CAD02BA00730DF4 /* Build configuration list for PBXNativeTarget "Gank.io" */;
			buildPhases = (
				943CD9EE1CAD02BA00730DF4 /* Sources */,
				943CD9EF1CAD02BA00730DF4 /* Frameworks */,
				943CD9F01CAD02BA00730DF4 /* Resources */,
				94AA2E3E1CAD122E00267E6C /* Embed Frameworks */,
			);
			buildRules = (
			);
			dependencies = (
				94AA2E3D1CAD122E00267E6C /* PBXTargetDependency */,
				94AA2E421CAD124200267E6C /* PBXTargetDependency */,
				94B0F3B01CAE1C1E0056CCE1 /* PBXTargetDependency */,
			);
			name = Gank.io;
			productName = Gank.io;
			productReference = 943CD9F21CAD02BA00730DF4 /* Gank.io.app */;
			productType = "com.apple.product-type.application";
		};
/* End PBXNativeTarget section */

/* Begin PBXProject section */
		943CD9EA1CAD02BA00730DF4 /* Project object */ = {
			isa = PBXProject;
			attributes = {
				LastSwiftUpdateCheck = 0730;
				LastUpgradeCheck = 0730;
				ORGANIZATIONNAME = "Wu Hengmin";
				TargetAttributes = {
					943CD9F11CAD02BA00730DF4 = {
						CreatedOnToolsVersion = 7.3;
						DevelopmentTeam = 3NTE8L89Y7;
					};
				};
			};
			buildConfigurationList = 943CD9ED1CAD02BA00730DF4 /* Build configuration list for PBXProject "Gank.io" */;
			compatibilityVersion = "Xcode 3.2";
			developmentRegion = English;
			hasScannedForEncodings = 0;
			knownRegions = (
				en,
				Base,
			);
			mainGroup = 943CD9E91CAD02BA00730DF4;
			productRefGroup = 943CD9F31CAD02BA00730DF4 /* Products */;
			projectDirPath = "";
			projectReferences = (
				{
					ProductGroup = 94AA2DD51CAD11DD00267E6C /* Products */;
					ProjectRef = 94AA2DD41CAD11DD00267E6C /* Alamofire.xcodeproj */;
				},
				{
					ProductGroup = 94AA2E141CAD11E800267E6C /* Products */;
					ProjectRef = 94AA2E131CAD11E800267E6C /* Kingfisher.xcodeproj */;
				},
				{
					ProductGroup = 94B0F3961CAE1BF80056CCE1 /* Products */;
					ProjectRef = 94B0F3951CAE1BF80056CCE1 /* SwiftyJSON.xcodeproj */;
				},
			);
			projectRoot = "";
			targets = (
				943CD9F11CAD02BA00730DF4 /* Gank.io */,
			);
		};
/* End PBXProject section */

/* Begin PBXReferenceProxy section */
		94AA2DDF1CAD11DD00267E6C /* Alamofire.framework */ = {
			isa = PBXReferenceProxy;
			fileType = wrapper.framework;
			path = Alamofire.framework;
			remoteRef = 94AA2DDE1CAD11DD00267E6C /* PBXContainerItemProxy */;
			sourceTree = BUILT_PRODUCTS_DIR;
		};
		94AA2DE11CAD11DD00267E6C /* Alamofire iOS Tests.xctest */ = {
			isa = PBXReferenceProxy;
			fileType = wrapper.cfbundle;
			path = "Alamofire iOS Tests.xctest";
			remoteRef = 94AA2DE01CAD11DD00267E6C /* PBXContainerItemProxy */;
			sourceTree = BUILT_PRODUCTS_DIR;
		};
		94AA2DE31CAD11DD00267E6C /* Alamofire.framework */ = {
			isa = PBXReferenceProxy;
			fileType = wrapper.framework;
			path = Alamofire.framework;
			remoteRef = 94AA2DE21CAD11DD00267E6C /* PBXContainerItemProxy */;
			sourceTree = BUILT_PRODUCTS_DIR;
		};
		94AA2DE51CAD11DD00267E6C /* Alamofire OSX Tests.xctest */ = {
			isa = PBXReferenceProxy;
			fileType = wrapper.cfbundle;
			path = "Alamofire OSX Tests.xctest";
			remoteRef = 94AA2DE41CAD11DD00267E6C /* PBXContainerItemProxy */;
			sourceTree = BUILT_PRODUCTS_DIR;
		};
		94AA2DE71CAD11DD00267E6C /* Alamofire.framework */ = {
			isa = PBXReferenceProxy;
			fileType = wrapper.framework;
			path = Alamofire.framework;
			remoteRef = 94AA2DE61CAD11DD00267E6C /* PBXContainerItemProxy */;
			sourceTree = BUILT_PRODUCTS_DIR;
		};
		94AA2DE91CAD11DD00267E6C /* Alamofire tvOS Tests.xctest */ = {
			isa = PBXReferenceProxy;
			fileType = wrapper.cfbundle;
			path = "Alamofire tvOS Tests.xctest";
			remoteRef = 94AA2DE81CAD11DD00267E6C /* PBXContainerItemProxy */;
			sourceTree = BUILT_PRODUCTS_DIR;
		};
		94AA2DEB1CAD11DD00267E6C /* Alamofire.framework */ = {
			isa = PBXReferenceProxy;
			fileType = wrapper.framework;
			path = Alamofire.framework;
			remoteRef = 94AA2DEA1CAD11DD00267E6C /* PBXContainerItemProxy */;
			sourceTree = BUILT_PRODUCTS_DIR;
		};
		94AA2E231CAD11E800267E6C /* Kingfisher.framework */ = {
			isa = PBXReferenceProxy;
			fileType = wrapper.framework;
			path = Kingfisher.framework;
			remoteRef = 94AA2E221CAD11E800267E6C /* PBXContainerItemProxy */;
			sourceTree = BUILT_PRODUCTS_DIR;
		};
		94AA2E251CAD11E800267E6C /* Kingfisher.framework */ = {
			isa = PBXReferenceProxy;
			fileType = wrapper.framework;
			path = Kingfisher.framework;
			remoteRef = 94AA2E241CAD11E800267E6C /* PBXContainerItemProxy */;
			sourceTree = BUILT_PRODUCTS_DIR;
		};
		94AA2E271CAD11E800267E6C /* Kingfisher.framework */ = {
			isa = PBXReferenceProxy;
			fileType = wrapper.framework;
			path = Kingfisher.framework;
			remoteRef = 94AA2E261CAD11E800267E6C /* PBXContainerItemProxy */;
			sourceTree = BUILT_PRODUCTS_DIR;
		};
		94AA2E291CAD11E800267E6C /* Kingfisher.framework */ = {
			isa = PBXReferenceProxy;
			fileType = wrapper.framework;
			path = Kingfisher.framework;
			remoteRef = 94AA2E281CAD11E800267E6C /* PBXContainerItemProxy */;
			sourceTree = BUILT_PRODUCTS_DIR;
		};
		94AA2E2B1CAD11E800267E6C /* Kingfisher-Demo.app */ = {
			isa = PBXReferenceProxy;
			fileType = wrapper.application;
			path = "Kingfisher-Demo.app";
			remoteRef = 94AA2E2A1CAD11E800267E6C /* PBXContainerItemProxy */;
			sourceTree = BUILT_PRODUCTS_DIR;
		};
		94AA2E2D1CAD11E800267E6C /* Kingfisher-tvOS-Demo.app */ = {
			isa = PBXReferenceProxy;
			fileType = wrapper.application;
			path = "Kingfisher-tvOS-Demo.app";
			remoteRef = 94AA2E2C1CAD11E800267E6C /* PBXContainerItemProxy */;
			sourceTree = BUILT_PRODUCTS_DIR;
		};
		94AA2E2F1CAD11E800267E6C /* Kingfisher-OSX-Demo.app */ = {
			isa = PBXReferenceProxy;
			fileType = wrapper.application;
			path = "Kingfisher-OSX-Demo.app";
			remoteRef = 94AA2E2E1CAD11E800267E6C /* PBXContainerItemProxy */;
			sourceTree = BUILT_PRODUCTS_DIR;
		};
		94AA2E311CAD11E800267E6C /* Kingfisher-watchOS-Demo.app */ = {
			isa = PBXReferenceProxy;
			fileType = wrapper.application;
			path = "Kingfisher-watchOS-Demo.app";
			remoteRef = 94AA2E301CAD11E800267E6C /* PBXContainerItemProxy */;
			sourceTree = BUILT_PRODUCTS_DIR;
		};
		94AA2E331CAD11E800267E6C /* Kingfisher-watchOS-Demo Extension.appex */ = {
			isa = PBXReferenceProxy;
			fileType = "wrapper.app-extension";
			path = "Kingfisher-watchOS-Demo Extension.appex";
			remoteRef = 94AA2E321CAD11E800267E6C /* PBXContainerItemProxy */;
			sourceTree = BUILT_PRODUCTS_DIR;
		};
		94AA2E351CAD11E800267E6C /* KingfisherTests.xctest */ = {
			isa = PBXReferenceProxy;
			fileType = wrapper.cfbundle;
			path = KingfisherTests.xctest;
			remoteRef = 94AA2E341CAD11E800267E6C /* PBXContainerItemProxy */;
			sourceTree = BUILT_PRODUCTS_DIR;
		};
		94AA2E371CAD11E800267E6C /* KingfisherTests-tvOS.xctest */ = {
			isa = PBXReferenceProxy;
			fileType = wrapper.cfbundle;
			path = "KingfisherTests-tvOS.xctest";
			remoteRef = 94AA2E361CAD11E800267E6C /* PBXContainerItemProxy */;
			sourceTree = BUILT_PRODUCTS_DIR;
		};
		94AA2E391CAD11E800267E6C /* KingfisherTests-OSX.xctest */ = {
			isa = PBXReferenceProxy;
			fileType = wrapper.cfbundle;
			path = "KingfisherTests-OSX.xctest";
			remoteRef = 94AA2E381CAD11E800267E6C /* PBXContainerItemProxy */;
			sourceTree = BUILT_PRODUCTS_DIR;
		};
		94B0F3A01CAE1BF80056CCE1 /* SwiftyJSON.framework */ = {
			isa = PBXReferenceProxy;
			fileType = wrapper.framework;
			path = SwiftyJSON.framework;
			remoteRef = 94B0F39F1CAE1BF80056CCE1 /* PBXContainerItemProxy */;
			sourceTree = BUILT_PRODUCTS_DIR;
		};
		94B0F3A21CAE1BF80056CCE1 /* SwiftyJSON iOS Tests.xctest */ = {
			isa = PBXReferenceProxy;
			fileType = wrapper.cfbundle;
			path = "SwiftyJSON iOS Tests.xctest";
			remoteRef = 94B0F3A11CAE1BF80056CCE1 /* PBXContainerItemProxy */;
			sourceTree = BUILT_PRODUCTS_DIR;
		};
		94B0F3A41CAE1BF80056CCE1 /* SwiftyJSON.framework */ = {
			isa = PBXReferenceProxy;
			fileType = wrapper.framework;
			path = SwiftyJSON.framework;
			remoteRef = 94B0F3A31CAE1BF80056CCE1 /* PBXContainerItemProxy */;
			sourceTree = BUILT_PRODUCTS_DIR;
		};
		94B0F3A61CAE1BF80056CCE1 /* SwiftyJSON OSX Tests.xctest */ = {
			isa = PBXReferenceProxy;
			fileType = wrapper.cfbundle;
			path = "SwiftyJSON OSX Tests.xctest";
			remoteRef = 94B0F3A51CAE1BF80056CCE1 /* PBXContainerItemProxy */;
			sourceTree = BUILT_PRODUCTS_DIR;
		};
		94B0F3A81CAE1BF80056CCE1 /* SwiftyJSON.framework */ = {
			isa = PBXReferenceProxy;
			fileType = wrapper.framework;
			path = SwiftyJSON.framework;
			remoteRef = 94B0F3A71CAE1BF80056CCE1 /* PBXContainerItemProxy */;
			sourceTree = BUILT_PRODUCTS_DIR;
		};
		94B0F3AA1CAE1BF80056CCE1 /* SwiftyJSON.framework */ = {
			isa = PBXReferenceProxy;
			fileType = wrapper.framework;
			path = SwiftyJSON.framework;
			remoteRef = 94B0F3A91CAE1BF80056CCE1 /* PBXContainerItemProxy */;
			sourceTree = BUILT_PRODUCTS_DIR;
		};
		94B0F3AC1CAE1BF80056CCE1 /* SwiftyJSON tvOS Tests.xctest */ = {
			isa = PBXReferenceProxy;
			fileType = wrapper.cfbundle;
			path = "SwiftyJSON tvOS Tests.xctest";
			remoteRef = 94B0F3AB1CAE1BF80056CCE1 /* PBXContainerItemProxy */;
			sourceTree = BUILT_PRODUCTS_DIR;
		};
/* End PBXReferenceProxy section */

/* Begin PBXResourcesBuildPhase section */
		943CD9F01CAD02BA00730DF4 /* Resources */ = {
			isa = PBXResourcesBuildPhase;
			buildActionMask = 2147483647;
			files = (
				943CDA001CAD02BA00730DF4 /* LaunchScreen.storyboard in Resources */,
				943CD9FD1CAD02BA00730DF4 /* Assets.xcassets in Resources */,
				943CD9FB1CAD02BA00730DF4 /* Main.storyboard in Resources */,
			);
			runOnlyForDeploymentPostprocessing = 0;
		};
/* End PBXResourcesBuildPhase section */

/* Begin PBXSourcesBuildPhase section */
		943CD9EE1CAD02BA00730DF4 /* Sources */ = {
			isa = PBXSourcesBuildPhase;
			buildActionMask = 2147483647;
			files = (
				943CDA081CAD035100730DF4 /* MNNetwork.swift in Sources */,
				943CD9F61CAD02BA00730DF4 /* AppDelegate.swift in Sources */,
				943CDA0A1CAD03A700730DF4 /* TableViewController.swift in Sources */,
				94B0F3831CAE116D0056CCE1 /* DetailViewController.swift in Sources */,
			);
			runOnlyForDeploymentPostprocessing = 0;
		};
/* End PBXSourcesBuildPhase section */

/* Begin PBXTargetDependency section */
		94AA2E3D1CAD122E00267E6C /* PBXTargetDependency */ = {
			isa = PBXTargetDependency;
			name = "Kingfisher-iOS";
			targetProxy = 94AA2E3C1CAD122E00267E6C /* PBXContainerItemProxy */;
		};
		94AA2E421CAD124200267E6C /* PBXTargetDependency */ = {
			isa = PBXTargetDependency;
			name = "Alamofire iOS";
			targetProxy = 94AA2E411CAD124200267E6C /* PBXContainerItemProxy */;
		};
		94B0F3B01CAE1C1E0056CCE1 /* PBXTargetDependency */ = {
			isa = PBXTargetDependency;
			name = "SwiftyJSON iOS";
			targetProxy = 94B0F3AF1CAE1C1E0056CCE1 /* PBXContainerItemProxy */;
		};
/* End PBXTargetDependency section */

/* Begin PBXVariantGroup section */
		943CD9F91CAD02BA00730DF4 /* Main.storyboard */ = {
			isa = PBXVariantGroup;
			children = (
				943CD9FA1CAD02BA00730DF4 /* Base */,
			);
			name = Main.storyboard;
			sourceTree = "<group>";
		};
		943CD9FE1CAD02BA00730DF4 /* LaunchScreen.storyboard */ = {
			isa = PBXVariantGroup;
			children = (
				943CD9FF1CAD02BA00730DF4 /* Base */,
			);
			name = LaunchScreen.storyboard;
			sourceTree = "<group>";
		};
/* End PBXVariantGroup section */

/* Begin XCBuildConfiguration section */
		943CDA021CAD02BA00730DF4 /* Debug */ = {
			isa = XCBuildConfiguration;
			buildSettings = {
				ALWAYS_SEARCH_USER_PATHS = NO;
				CLANG_ANALYZER_NONNULL = YES;
				CLANG_CXX_LANGUAGE_STANDARD = "gnu++0x";
				CLANG_CXX_LIBRARY = "libc++";
				CLANG_ENABLE_MODULES = YES;
				CLANG_ENABLE_OBJC_ARC = YES;
				CLANG_WARN_BOOL_CONVERSION = YES;
				CLANG_WARN_CONSTANT_CONVERSION = YES;
				CLANG_WARN_DIRECT_OBJC_ISA_USAGE = YES_ERROR;
				CLANG_WARN_EMPTY_BODY = YES;
				CLANG_WARN_ENUM_CONVERSION = YES;
				CLANG_WARN_INT_CONVERSION = YES;
				CLANG_WARN_OBJC_ROOT_CLASS = YES_ERROR;
				CLANG_WARN_UNREACHABLE_CODE = YES;
				CLANG_WARN__DUPLICATE_METHOD_MATCH = YES;
				"CODE_SIGN_IDENTITY[sdk=iphoneos*]" = "iPhone Developer";
				COPY_PHASE_STRIP = NO;
				DEBUG_INFORMATION_FORMAT = dwarf;
				ENABLE_STRICT_OBJC_MSGSEND = YES;
				ENABLE_TESTABILITY = YES;
				GCC_C_LANGUAGE_STANDARD = gnu99;
				GCC_DYNAMIC_NO_PIC = NO;
				GCC_NO_COMMON_BLOCKS = YES;
				GCC_OPTIMIZATION_LEVEL = 0;
				GCC_PREPROCESSOR_DEFINITIONS = (
					"DEBUG=1",
					"$(inherited)",
				);
				GCC_WARN_64_TO_32_BIT_CONVERSION = YES;
				GCC_WARN_ABOUT_RETURN_TYPE = YES_ERROR;
				GCC_WARN_UNDECLARED_SELECTOR = YES;
				GCC_WARN_UNINITIALIZED_AUTOS = YES_AGGRESSIVE;
				GCC_WARN_UNUSED_FUNCTION = YES;
				GCC_WARN_UNUSED_VARIABLE = YES;
				IPHONEOS_DEPLOYMENT_TARGET = 9.3;
				MTL_ENABLE_DEBUG_INFO = YES;
				ONLY_ACTIVE_ARCH = YES;
				SDKROOT = iphoneos;
				SWIFT_OPTIMIZATION_LEVEL = "-Onone";
			};
			name = Debug;
		};
		943CDA031CAD02BA00730DF4 /* Release */ = {
			isa = XCBuildConfiguration;
			buildSettings = {
				ALWAYS_SEARCH_USER_PATHS = NO;
				CLANG_ANALYZER_NONNULL = YES;
				CLANG_CXX_LANGUAGE_STANDARD = "gnu++0x";
				CLANG_CXX_LIBRARY = "libc++";
				CLANG_ENABLE_MODULES = YES;
				CLANG_ENABLE_OBJC_ARC = YES;
				CLANG_WARN_BOOL_CONVERSION = YES;
				CLANG_WARN_CONSTANT_CONVERSION = YES;
				CLANG_WARN_DIRECT_OBJC_ISA_USAGE = YES_ERROR;
				CLANG_WARN_EMPTY_BODY = YES;
				CLANG_WARN_ENUM_CONVERSION = YES;
				CLANG_WARN_INT_CONVERSION = YES;
				CLANG_WARN_OBJC_ROOT_CLASS = YES_ERROR;
				CLANG_WARN_UNREACHABLE_CODE = YES;
				CLANG_WARN__DUPLICATE_METHOD_MATCH = YES;
				"CODE_SIGN_IDENTITY[sdk=iphoneos*]" = "iPhone Developer";
				COPY_PHASE_STRIP = NO;
				DEBUG_INFORMATION_FORMAT = "dwarf-with-dsym";
				ENABLE_NS_ASSERTIONS = NO;
				ENABLE_STRICT_OBJC_MSGSEND = YES;
				GCC_C_LANGUAGE_STANDARD = gnu99;
				GCC_NO_COMMON_BLOCKS = YES;
				GCC_WARN_64_TO_32_BIT_CONVERSION = YES;
				GCC_WARN_ABOUT_RETURN_TYPE = YES_ERROR;
				GCC_WARN_UNDECLARED_SELECTOR = YES;
				GCC_WARN_UNINITIALIZED_AUTOS = YES_AGGRESSIVE;
				GCC_WARN_UNUSED_FUNCTION = YES;
				GCC_WARN_UNUSED_VARIABLE = YES;
				IPHONEOS_DEPLOYMENT_TARGET = 9.3;
				MTL_ENABLE_DEBUG_INFO = NO;
				SDKROOT = iphoneos;
				VALIDATE_PRODUCT = YES;
			};
			name = Release;
		};
		943CDA051CAD02BA00730DF4 /* Debug */ = {
			isa = XCBuildConfiguration;
			buildSettings = {
				ASSETCATALOG_COMPILER_APPICON_NAME = AppIcon;
				CODE_SIGN_IDENTITY = "iPhone Developer";
				EMBEDDED_CONTENT_CONTAINS_SWIFT = YES;
				INFOPLIST_FILE = Gank.io/Info.plist;
				LD_RUNPATH_SEARCH_PATHS = "$(inherited) @executable_path/Frameworks";
				PRODUCT_BUNDLE_IDENTIFIER = "com.moonagic.Gank-io";
				PRODUCT_NAME = "$(TARGET_NAME)";
			};
			name = Debug;
		};
		943CDA061CAD02BA00730DF4 /* Release */ = {
			isa = XCBuildConfiguration;
			buildSettings = {
				ASSETCATALOG_COMPILER_APPICON_NAME = AppIcon;
				CODE_SIGN_IDENTITY = "iPhone Developer";
				EMBEDDED_CONTENT_CONTAINS_SWIFT = YES;
				INFOPLIST_FILE = Gank.io/Info.plist;
				LD_RUNPATH_SEARCH_PATHS = "$(inherited) @executable_path/Frameworks";
				PRODUCT_BUNDLE_IDENTIFIER = "com.moonagic.Gank-io";
				PRODUCT_NAME = "$(TARGET_NAME)";
			};
			name = Release;
		};
/* End XCBuildConfiguration section */

/* Begin XCConfigurationList section */
		943CD9ED1CAD02BA00730DF4 /* Build configuration list for PBXProject "Gank.io" */ = {
			isa = XCConfigurationList;
			buildConfigurations = (
				943CDA021CAD02BA00730DF4 /* Debug */,
				943CDA031CAD02BA00730DF4 /* Release */,
			);
			defaultConfigurationIsVisible = 0;
			defaultConfigurationName = Release;
		};
		943CDA041CAD02BA00730DF4 /* Build configuration list for PBXNativeTarget "Gank.io" */ = {
			isa = XCConfigurationList;
			buildConfigurations = (
				943CDA051CAD02BA00730DF4 /* Debug */,
				943CDA061CAD02BA00730DF4 /* Release */,
			);
			defaultConfigurationIsVisible = 0;
			defaultConfigurationName = Release;
		};
/* End XCConfigurationList section */
	};
	rootObject = 943CD9EA1CAD02BA00730DF4 /* Project object */;
}
