// !$*UTF8*$!
{
	archiveVersion = 1;
	classes = {
	};
	objectVersion = 46;
	objects = {

/* Begin PBXBuildFile section */
		3BA627B6AB2957A702B65222 /* Pods_Gank_io.framework in Frameworks */ = {isa = PBXBuildFile; fileRef = 8CD29D39584C9F6122DFFDC6 /* Pods_Gank_io.framework */; };
		94EEF4E61D2127A2002F742E /* AppDelegate.swift in Sources */ = {isa = PBXBuildFile; fileRef = 94EEF4E51D2127A2002F742E /* AppDelegate.swift */; };
		94EEF4EB1D2127A2002F742E /* Main.storyboard in Resources */ = {isa = PBXBuildFile; fileRef = 94EEF4E91D2127A2002F742E /* Main.storyboard */; };
		94EEF4ED1D2127A2002F742E /* Assets.xcassets in Resources */ = {isa = PBXBuildFile; fileRef = 94EEF4EC1D2127A2002F742E /* Assets.xcassets */; };
		94EEF4F01D2127A2002F742E /* LaunchScreen.storyboard in Resources */ = {isa = PBXBuildFile; fileRef = 94EEF4EE1D2127A2002F742E /* LaunchScreen.storyboard */; };
		94EEF4FB1D212850002F742E /* DateCell.swift in Sources */ = {isa = PBXBuildFile; fileRef = 94EEF4F91D212850002F742E /* DateCell.swift */; };
		94EEF4FC1D212850002F742E /* DetailCell.swift in Sources */ = {isa = PBXBuildFile; fileRef = 94EEF4FA1D212850002F742E /* DetailCell.swift */; };
		94EEF4FE1D21285B002F742E /* Config.swift in Sources */ = {isa = PBXBuildFile; fileRef = 94EEF4FD1D21285B002F742E /* Config.swift */; };
		94EEF5011D212861002F742E /* DetailViewController.swift in Sources */ = {isa = PBXBuildFile; fileRef = 94EEF4FF1D212861002F742E /* DetailViewController.swift */; };
		94EEF5021D212861002F742E /* TableViewController.swift in Sources */ = {isa = PBXBuildFile; fileRef = 94EEF5001D212861002F742E /* TableViewController.swift */; };
		94EEF5041D212894002F742E /* SafariServices.framework in Frameworks */ = {isa = PBXBuildFile; fileRef = 94EEF5031D212894002F742E /* SafariServices.framework */; };
/* End PBXBuildFile section */

/* Begin PBXFileReference section */
		8CD29D39584C9F6122DFFDC6 /* Pods_Gank_io.framework */ = {isa = PBXFileReference; explicitFileType = wrapper.framework; includeInIndex = 0; path = Pods_Gank_io.framework; sourceTree = BUILT_PRODUCTS_DIR; };
		94EEF4E21D2127A2002F742E /* Gank.io.app */ = {isa = PBXFileReference; explicitFileType = wrapper.application; includeInIndex = 0; path = Gank.io.app; sourceTree = BUILT_PRODUCTS_DIR; };
		94EEF4E51D2127A2002F742E /* AppDelegate.swift */ = {isa = PBXFileReference; lastKnownFileType = sourcecode.swift; path = AppDelegate.swift; sourceTree = "<group>"; };
		94EEF4EA1D2127A2002F742E /* Base */ = {isa = PBXFileReference; lastKnownFileType = file.storyboard; name = Base; path = Base.lproj/Main.storyboard; sourceTree = "<group>"; };
		94EEF4EC1D2127A2002F742E /* Assets.xcassets */ = {isa = PBXFileReference; lastKnownFileType = folder.assetcatalog; path = Assets.xcassets; sourceTree = "<group>"; };
		94EEF4EF1D2127A2002F742E /* Base */ = {isa = PBXFileReference; lastKnownFileType = file.storyboard; name = Base; path = Base.lproj/LaunchScreen.storyboard; sourceTree = "<group>"; };
		94EEF4F11D2127A2002F742E /* Info.plist */ = {isa = PBXFileReference; lastKnownFileType = text.plist.xml; path = Info.plist; sourceTree = "<group>"; };
		94EEF4F91D212850002F742E /* DateCell.swift */ = {isa = PBXFileReference; fileEncoding = 4; lastKnownFileType = sourcecode.swift; path = DateCell.swift; sourceTree = "<group>"; };
		94EEF4FA1D212850002F742E /* DetailCell.swift */ = {isa = PBXFileReference; fileEncoding = 4; lastKnownFileType = sourcecode.swift; path = DetailCell.swift; sourceTree = "<group>"; };
		94EEF4FD1D21285B002F742E /* Config.swift */ = {isa = PBXFileReference; fileEncoding = 4; lastKnownFileType = sourcecode.swift; path = Config.swift; sourceTree = "<group>"; };
		94EEF4FF1D212861002F742E /* DetailViewController.swift */ = {isa = PBXFileReference; fileEncoding = 4; lastKnownFileType = sourcecode.swift; path = DetailViewController.swift; sourceTree = "<group>"; };
		94EEF5001D212861002F742E /* TableViewController.swift */ = {isa = PBXFileReference; fileEncoding = 4; lastKnownFileType = sourcecode.swift; path = TableViewController.swift; sourceTree = "<group>"; };
		94EEF5031D212894002F742E /* SafariServices.framework */ = {isa = PBXFileReference; lastKnownFileType = wrapper.framework; name = SafariServices.framework; path = System/Library/Frameworks/SafariServices.framework; sourceTree = SDKROOT; };
		9ADF51E5FBDFA5DB0AEDD827 /* Pods-Gank.io.release.xcconfig */ = {isa = PBXFileReference; includeInIndex = 1; lastKnownFileType = text.xcconfig; name = "Pods-Gank.io.release.xcconfig"; path = "Pods/Target Support Files/Pods-Gank.io/Pods-Gank.io.release.xcconfig"; sourceTree = "<group>"; };
		E91BFA20FDB5C201A3979C3E /* Pods-Gank.io.debug.xcconfig */ = {isa = PBXFileReference; includeInIndex = 1; lastKnownFileType = text.xcconfig; name = "Pods-Gank.io.debug.xcconfig"; path = "Pods/Target Support Files/Pods-Gank.io/Pods-Gank.io.debug.xcconfig"; sourceTree = "<group>"; };
/* End PBXFileReference section */

/* Begin PBXFrameworksBuildPhase section */
		94EEF4DF1D2127A2002F742E /* Frameworks */ = {
			isa = PBXFrameworksBuildPhase;
			buildActionMask = 2147483647;
			files = (
				94EEF5041D212894002F742E /* SafariServices.framework in Frameworks */,
				3BA627B6AB2957A702B65222 /* Pods_Gank_io.framework in Frameworks */,
			);
			runOnlyForDeploymentPostprocessing = 0;
		};
/* End PBXFrameworksBuildPhase section */

/* Begin PBXGroup section */
		125E6907E67D084D6CAC48B3 /* Frameworks */ = {
			isa = PBXGroup;
			children = (
				94EEF5031D212894002F742E /* SafariServices.framework */,
				8CD29D39584C9F6122DFFDC6 /* Pods_Gank_io.framework */,
			);
			name = Frameworks;
			sourceTree = "<group>";
		};
		4BDA8751B45FB7BBC3F7E97C /* Pods */ = {
			isa = PBXGroup;
			children = (
				E91BFA20FDB5C201A3979C3E /* Pods-Gank.io.debug.xcconfig */,
				9ADF51E5FBDFA5DB0AEDD827 /* Pods-Gank.io.release.xcconfig */,
			);
			name = Pods;
			sourceTree = "<group>";
		};
		94EEF4D91D2127A2002F742E = {
			isa = PBXGroup;
			children = (
				94EEF4E41D2127A2002F742E /* Gank.io */,
				94EEF4E31D2127A2002F742E /* Products */,
				4BDA8751B45FB7BBC3F7E97C /* Pods */,
				125E6907E67D084D6CAC48B3 /* Frameworks */,
			);
			sourceTree = "<group>";
		};
		94EEF4E31D2127A2002F742E /* Products */ = {
			isa = PBXGroup;
			children = (
				94EEF4E21D2127A2002F742E /* Gank.io.app */,
			);
			name = Products;
			sourceTree = "<group>";
		};
		94EEF4E41D2127A2002F742E /* Gank.io */ = {
			isa = PBXGroup;
			children = (
				94EEF4F81D21283F002F742E /* Config */,
				94EEF4F71D212835002F742E /* Cells */,
				94EEF4E51D2127A2002F742E /* AppDelegate.swift */,
				94EEF4FF1D212861002F742E /* DetailViewController.swift */,
				94EEF5001D212861002F742E /* TableViewController.swift */,
				94EEF4E91D2127A2002F742E /* Main.storyboard */,
				94EEF4EC1D2127A2002F742E /* Assets.xcassets */,
				94EEF4EE1D2127A2002F742E /* LaunchScreen.storyboard */,
				94EEF4F11D2127A2002F742E /* Info.plist */,
			);
			path = Gank.io;
			sourceTree = "<group>";
		};
		94EEF4F71D212835002F742E /* Cells */ = {
			isa = PBXGroup;
			children = (
				94EEF4F91D212850002F742E /* DateCell.swift */,
				94EEF4FA1D212850002F742E /* DetailCell.swift */,
			);
			name = Cells;
			sourceTree = "<group>";
		};
		94EEF4F81D21283F002F742E /* Config */ = {
			isa = PBXGroup;
			children = (
				94EEF4FD1D21285B002F742E /* Config.swift */,
			);
			name = Config;
			sourceTree = "<group>";
		};
/* End PBXGroup section */

/* Begin PBXNativeTarget section */
		94EEF4E11D2127A2002F742E /* Gank.io */ = {
			isa = PBXNativeTarget;
			buildConfigurationList = 94EEF4F41D2127A2002F742E /* Build configuration list for PBXNativeTarget "Gank.io" */;
			buildPhases = (
				9686F98A5466DB4EEF428E01 /* [CP] Check Pods Manifest.lock */,
				94EEF4DE1D2127A2002F742E /* Sources */,
				94EEF4DF1D2127A2002F742E /* Frameworks */,
				94EEF4E01D2127A2002F742E /* Resources */,
				F242ADCB6DB70DB51944A4FC /* [CP] Embed Pods Frameworks */,
				AE633C6DF2B730E62E720EF5 /* [CP] Copy Pods Resources */,
			);
			buildRules = (
			);
			dependencies = (
			);
			name = Gank.io;
			productName = Gank.io;
			productReference = 94EEF4E21D2127A2002F742E /* Gank.io.app */;
			productType = "com.apple.product-type.application";
		};
/* End PBXNativeTarget section */

/* Begin PBXProject section */
		94EEF4DA1D2127A2002F742E /* Project object */ = {
			isa = PBXProject;
			attributes = {
				LastSwiftUpdateCheck = 0730;
				LastUpgradeCheck = 0730;
				ORGANIZATIONNAME = "Wu Hengmin";
				TargetAttributes = {
					94EEF4E11D2127A2002F742E = {
						CreatedOnToolsVersion = 7.3.1;
						DevelopmentTeam = T3W8PQ5ZQ2;
					};
				};
			};
			buildConfigurationList = 94EEF4DD1D2127A2002F742E /* Build configuration list for PBXProject "Gank.io" */;
			compatibilityVersion = "Xcode 3.2";
			developmentRegion = English;
			hasScannedForEncodings = 0;
			knownRegions = (
				en,
				Base,
			);
			mainGroup = 94EEF4D91D2127A2002F742E;
			productRefGroup = 94EEF4E31D2127A2002F742E /* Products */;
			projectDirPath = "";
			projectRoot = "";
			targets = (
				94EEF4E11D2127A2002F742E /* Gank.io */,
			);
		};
/* End PBXProject section */

/* Begin PBXResourcesBuildPhase section */
		94EEF4E01D2127A2002F742E /* Resources */ = {
			isa = PBXResourcesBuildPhase;
			buildActionMask = 2147483647;
			files = (
				94EEF4F01D2127A2002F742E /* LaunchScreen.storyboard in Resources */,
				94EEF4ED1D2127A2002F742E /* Assets.xcassets in Resources */,
				94EEF4EB1D2127A2002F742E /* Main.storyboard in Resources */,
			);
			runOnlyForDeploymentPostprocessing = 0;
		};
/* End PBXResourcesBuildPhase section */

/* Begin PBXShellScriptBuildPhase section */
		9686F98A5466DB4EEF428E01 /* [CP] Check Pods Manifest.lock */ = {
			isa = PBXShellScriptBuildPhase;
			buildActionMask = 2147483647;
			files = (
			);
			inputPaths = (
			);
			name = "[CP] Check Pods Manifest.lock";
			outputPaths = (
			);
			runOnlyForDeploymentPostprocessing = 0;
			shellPath = /bin/sh;
			shellScript = "diff \"${PODS_ROOT}/../Podfile.lock\" \"${PODS_ROOT}/Manifest.lock\" > /dev/null\nif [[ $? != 0 ]] ; then\n    cat << EOM\nerror: The sandbox is not in sync with the Podfile.lock. Run 'pod install' or update your CocoaPods installation.\nEOM\n    exit 1\nfi\n";
			showEnvVarsInLog = 0;
		};
		AE633C6DF2B730E62E720EF5 /* [CP] Copy Pods Resources */ = {
			isa = PBXShellScriptBuildPhase;
			buildActionMask = 2147483647;
			files = (
			);
			inputPaths = (
			);
			name = "[CP] Copy Pods Resources";
			outputPaths = (
			);
			runOnlyForDeploymentPostprocessing = 0;
			shellPath = /bin/sh;
			shellScript = "\"${SRCROOT}/Pods/Target Support Files/Pods-Gank.io/Pods-Gank.io-resources.sh\"\n";
			showEnvVarsInLog = 0;
		};
		F242ADCB6DB70DB51944A4FC /* [CP] Embed Pods Frameworks */ = {
			isa = PBXShellScriptBuildPhase;
			buildActionMask = 2147483647;
			files = (
			);
			inputPaths = (
			);
			name = "[CP] Embed Pods Frameworks";
			outputPaths = (
			);
			runOnlyForDeploymentPostprocessing = 0;
			shellPath = /bin/sh;
			shellScript = "\"${SRCROOT}/Pods/Target Support Files/Pods-Gank.io/Pods-Gank.io-frameworks.sh\"\n";
			showEnvVarsInLog = 0;
		};
/* End PBXShellScriptBuildPhase section */

/* Begin PBXSourcesBuildPhase section */
		94EEF4DE1D2127A2002F742E /* Sources */ = {
			isa = PBXSourcesBuildPhase;
			buildActionMask = 2147483647;
			files = (
				94EEF5021D212861002F742E /* TableViewController.swift in Sources */,
				94EEF4FB1D212850002F742E /* DateCell.swift in Sources */,
				94EEF4FE1D21285B002F742E /* Config.swift in Sources */,
				94EEF5011D212861002F742E /* DetailViewController.swift in Sources */,
				94EEF4FC1D212850002F742E /* DetailCell.swift in Sources */,
				94EEF4E61D2127A2002F742E /* AppDelegate.swift in Sources */,
			);
			runOnlyForDeploymentPostprocessing = 0;
		};
/* End PBXSourcesBuildPhase section */

/* Begin PBXVariantGroup section */
		94EEF4E91D2127A2002F742E /* Main.storyboard */ = {
			isa = PBXVariantGroup;
			children = (
				94EEF4EA1D2127A2002F742E /* Base */,
			);
			name = Main.storyboard;
			sourceTree = "<group>";
		};
		94EEF4EE1D2127A2002F742E /* LaunchScreen.storyboard */ = {
			isa = PBXVariantGroup;
			children = (
				94EEF4EF1D2127A2002F742E /* Base */,
			);
			name = LaunchScreen.storyboard;
			sourceTree = "<group>";
		};
/* End PBXVariantGroup section */

/* Begin XCBuildConfiguration section */
		94EEF4F21D2127A2002F742E /* Debug */ = {
			isa = XCBuildConfiguration;
			buildSettings = {
				ALWAYS_SEARCH_USER_PATHS = NO;
				CLANG_ANALYZER_NONNULL = YES;
				CLANG_CXX_LANGUAGE_STANDARD = "gnu++0x";
				CLANG_CXX_LIBRARY = "libc++";
				CLANG_ENABLE_MODULES = YES;
				CLANG_ENABLE_OBJC_ARC = YES;
				CLANG_WARN_BOOL_CONVERSION = YES;
				CLANG_WARN_CONSTANT_CONVERSION = YES;
				CLANG_WARN_DIRECT_OBJC_ISA_USAGE = YES_ERROR;
				CLANG_WARN_EMPTY_BODY = YES;
				CLANG_WARN_ENUM_CONVERSION = YES;
				CLANG_WARN_INT_CONVERSION = YES;
				CLANG_WARN_OBJC_ROOT_CLASS = YES_ERROR;
				CLANG_WARN_UNREACHABLE_CODE = YES;
				CLANG_WARN__DUPLICATE_METHOD_MATCH = YES;
				"CODE_SIGN_IDENTITY[sdk=iphoneos*]" = "iPhone Developer";
				COPY_PHASE_STRIP = NO;
				DEBUG_INFORMATION_FORMAT = dwarf;
				ENABLE_STRICT_OBJC_MSGSEND = YES;
				ENABLE_TESTABILITY = YES;
				GCC_C_LANGUAGE_STANDARD = gnu99;
				GCC_DYNAMIC_NO_PIC = NO;
				GCC_NO_COMMON_BLOCKS = YES;
				GCC_OPTIMIZATION_LEVEL = 0;
				GCC_PREPROCESSOR_DEFINITIONS = (
					"DEBUG=1",
					"$(inherited)",
				);
				GCC_WARN_64_TO_32_BIT_CONVERSION = YES;
				GCC_WARN_ABOUT_RETURN_TYPE = YES_ERROR;
				GCC_WARN_UNDECLARED_SELECTOR = YES;
				GCC_WARN_UNINITIALIZED_AUTOS = YES_AGGRESSIVE;
				GCC_WARN_UNUSED_FUNCTION = YES;
				GCC_WARN_UNUSED_VARIABLE = YES;
				IPHONEOS_DEPLOYMENT_TARGET = 9.3;
				MTL_ENABLE_DEBUG_INFO = YES;
				ONLY_ACTIVE_ARCH = YES;
				SDKROOT = iphoneos;
				SWIFT_OPTIMIZATION_LEVEL = "-Onone";
			};
			name = Debug;
		};
		94EEF4F31D2127A2002F742E /* Release */ = {
			isa = XCBuildConfiguration;
			buildSettings = {
				ALWAYS_SEARCH_USER_PATHS = NO;
				CLANG_ANALYZER_NONNULL = YES;
				CLANG_CXX_LANGUAGE_STANDARD = "gnu++0x";
				CLANG_CXX_LIBRARY = "libc++";
				CLANG_ENABLE_MODULES = YES;
				CLANG_ENABLE_OBJC_ARC = YES;
				CLANG_WARN_BOOL_CONVERSION = YES;
				CLANG_WARN_CONSTANT_CONVERSION = YES;
				CLANG_WARN_DIRECT_OBJC_ISA_USAGE = YES_ERROR;
				CLANG_WARN_EMPTY_BODY = YES;
				CLANG_WARN_ENUM_CONVERSION = YES;
				CLANG_WARN_INT_CONVERSION = YES;
				CLANG_WARN_OBJC_ROOT_CLASS = YES_ERROR;
				CLANG_WARN_UNREACHABLE_CODE = YES;
				CLANG_WARN__DUPLICATE_METHOD_MATCH = YES;
				"CODE_SIGN_IDENTITY[sdk=iphoneos*]" = "iPhone Developer";
				COPY_PHASE_STRIP = NO;
				DEBUG_INFORMATION_FORMAT = "dwarf-with-dsym";
				ENABLE_NS_ASSERTIONS = NO;
				ENABLE_STRICT_OBJC_MSGSEND = YES;
				GCC_C_LANGUAGE_STANDARD = gnu99;
				GCC_NO_COMMON_BLOCKS = YES;
				GCC_WARN_64_TO_32_BIT_CONVERSION = YES;
				GCC_WARN_ABOUT_RETURN_TYPE = YES_ERROR;
				GCC_WARN_UNDECLARED_SELECTOR = YES;
				GCC_WARN_UNINITIALIZED_AUTOS = YES_AGGRESSIVE;
				GCC_WARN_UNUSED_FUNCTION = YES;
				GCC_WARN_UNUSED_VARIABLE = YES;
				IPHONEOS_DEPLOYMENT_TARGET = 9.3;
				MTL_ENABLE_DEBUG_INFO = NO;
				SDKROOT = iphoneos;
				VALIDATE_PRODUCT = YES;
			};
			name = Release;
		};
		94EEF4F51D2127A2002F742E /* Debug */ = {
			isa = XCBuildConfiguration;
			baseConfigurationReference = E91BFA20FDB5C201A3979C3E /* Pods-Gank.io.debug.xcconfig */;
			buildSettings = {
				ASSETCATALOG_COMPILER_APPICON_NAME = AppIcon;
				CODE_SIGN_IDENTITY = "iPhone Developer";
				INFOPLIST_FILE = Gank.io/Info.plist;
				IPHONEOS_DEPLOYMENT_TARGET = 9.0;
				LD_RUNPATH_SEARCH_PATHS = "$(inherited) @executable_path/Frameworks";
				PRODUCT_BUNDLE_IDENTIFIER = "com.moonagic.Gank-io";
				PRODUCT_NAME = "$(TARGET_NAME)";
			};
			name = Debug;
		};
		94EEF4F61D2127A2002F742E /* Release */ = {
			isa = XCBuildConfiguration;
			baseConfigurationReference = 9ADF51E5FBDFA5DB0AEDD827 /* Pods-Gank.io.release.xcconfig */;
			buildSettings = {
				ASSETCATALOG_COMPILER_APPICON_NAME = AppIcon;
				CODE_SIGN_IDENTITY = "iPhone Developer";
				INFOPLIST_FILE = Gank.io/Info.plist;
				IPHONEOS_DEPLOYMENT_TARGET = 9.0;
				LD_RUNPATH_SEARCH_PATHS = "$(inherited) @executable_path/Frameworks";
				PRODUCT_BUNDLE_IDENTIFIER = "com.moonagic.Gank-io";
				PRODUCT_NAME = "$(TARGET_NAME)";
			};
			name = Release;
		};
/* End XCBuildConfiguration section */

/* Begin XCConfigurationList section */
		94EEF4DD1D2127A2002F742E /* Build configuration list for PBXProject "Gank.io" */ = {
			isa = XCConfigurationList;
			buildConfigurations = (
				94EEF4F21D2127A2002F742E /* Debug */,
				94EEF4F31D2127A2002F742E /* Release */,
			);
			defaultConfigurationIsVisible = 0;
			defaultConfigurationName = Release;
		};
		94EEF4F41D2127A2002F742E /* Build configuration list for PBXNativeTarget "Gank.io" */ = {
			isa = XCConfigurationList;
			buildConfigurations = (
				94EEF4F51D2127A2002F742E /* Debug */,
				94EEF4F61D2127A2002F742E /* Release */,
			);
			defaultConfigurationIsVisible = 0;
			defaultConfigurationName = Release;
		};
/* End XCConfigurationList section */
	};
	rootObject = 94EEF4DA1D2127A2002F742E /* Project object */;
}
